
Microsoft Visual Studio Solution File, Format Version 12.00
# Visual Studio Version 16
VisualStudioVersion = 16.0.30517.126
MinimumVisualStudioVersion = 10.0.40219.1
Project("{FAE04EC0-301F-11D3-BF4B-00C04F79EFBC}") = "Coin_Collector", "Coin_Collector\Coin_Collector.csproj", "{FE3CEC88-C039-4C81-94B7-72A942B8BC5F}"
EndProject
Global
	GlobalSection(SolutionConfigurationPlatforms) = preSolution
		Debug|Any CPU = Debug|Any CPU
		Release|Any CPU = Release|Any CPU
	EndGlobalSection
	GlobalSection(ProjectConfigurationPlatforms) = postSolution
		{FE3CEC88-C039-4C81-94B7-72A942B8BC5F}.Debug|Any CPU.ActiveCfg = Debug|Any CPU
		{FE3CEC88-C039-4C81-94B7-72A942B8BC5F}.Debug|Any CPU.Build.0 = Debug|Any CPU
		{FE3CEC88-C039-4C81-94B7-72A942B8BC5F}.Release|Any CPU.ActiveCfg = Release|Any CPU
		{FE3CEC88-C039-4C81-94B7-72A942B8BC5F}.Release|Any CPU.Build.0 = Release|Any CPU
	EndGlobalSection
	GlobalSection(SolutionProperties) = preSolution
		HideSolutionNode = FALSE
	EndGlobalSection
	GlobalSection(ExtensibilityGlobals) = postSolution
		SolutionGuid = {A43E13A0-ADBE-4BFE-AD6B-DCCE0EE3E302}
	EndGlobalSection
EndGlobal
